
Microsoft Visual Studio Solution File, Format Version 12.00
# Visual Studio Version 16
VisualStudioVersion = 16.0.30621.155
MinimumVisualStudioVersion = 10.0.40219.1
Project("{FAE04EC0-301F-11D3-BF4B-00C04F79EFBC}") = "Exercício Fixação 1", "Exercício Fixação 1\Exercício Fixação 1.csproj", "{DEBC716E-694B-4900-ACA6-43A4E91F336A}"
EndProject
Global
	GlobalSection(SolutionConfigurationPlatforms) = preSolution
		Debug|Any CPU = Debug|Any CPU
		Release|Any CPU = Release|Any CPU
	EndGlobalSection
	GlobalSection(ProjectConfigurationPlatforms) = postSolution
		{DEBC716E-694B-4900-ACA6-43A4E91F336A}.Debug|Any CPU.ActiveCfg = Debug|Any CPU
		{DEBC716E-694B-4900-ACA6-43A4E91F336A}.Debug|Any CPU.Build.0 = Debug|Any CPU
		{DEBC716E-694B-4900-ACA6-43A4E91F336A}.Release|Any CPU.ActiveCfg = Release|Any CPU
		{DEBC716E-694B-4900-ACA6-43A4E91F336A}.Release|Any CPU.Build.0 = Release|Any CPU
	EndGlobalSection
	GlobalSection(SolutionProperties) = preSolution
		HideSolutionNode = FALSE
	EndGlobalSection
	GlobalSection(ExtensibilityGlobals) = postSolution
		SolutionGuid = {27912CD2-321A-4B88-9371-C14F21A1EF56}
	EndGlobalSection
EndGlobal
